
Microsoft Visual Studio Solution File, Format Version 12.00
# Visual Studio 15
VisualStudioVersion = 15.0.27428.2043
MinimumVisualStudioVersion = 10.0.40219.1
Project("{FAE04EC0-301F-11D3-BF4B-00C04F79EFBC}") = "PremiumParking", "PremiumParking\PremiumParking.csproj", "{1A9C15E3-7CB9-4AC1-AF92-D216FA0CA301}"
EndProject
Global
	GlobalSection(SolutionConfigurationPlatforms) = preSolution
		Debug|Any CPU = Debug|Any CPU
		Release|Any CPU = Release|Any CPU
	EndGlobalSection
	GlobalSection(ProjectConfigurationPlatforms) = postSolution
		{1A9C15E3-7CB9-4AC1-AF92-D216FA0CA301}.Debug|Any CPU.ActiveCfg = Debug|Any CPU
		{1A9C15E3-7CB9-4AC1-AF92-D216FA0CA301}.Debug|Any CPU.Build.0 = Debug|Any CPU
		{1A9C15E3-7CB9-4AC1-AF92-D216FA0CA301}.Release|Any CPU.ActiveCfg = Release|Any CPU
		{1A9C15E3-7CB9-4AC1-AF92-D216FA0CA301}.Release|Any CPU.Build.0 = Release|Any CPU
	EndGlobalSection
	GlobalSection(SolutionProperties) = preSolution
		HideSolutionNode = FALSE
	EndGlobalSection
	GlobalSection(ExtensibilityGlobals) = postSolution
		SolutionGuid = {0000D62A-FD76-4F1B-9D2C-487FCCC2A88C}
	EndGlobalSection
EndGlobal
